// !$*UTF8*$!
{
	archiveVersion = 1;
	classes = {
	};
	objectVersion = 46;
	objects = {

/* Begin PBXBuildFile section */
		BB0D61641C1AE5EF00013A15 /* MainMenuScene.swift in Sources */ = {isa = PBXBuildFile; fileRef = BB0D61631C1AE5EF00013A15 /* MainMenuScene.swift */; };
		BB14AE231C07927400FAF335 /* MyUtils.swift in Sources */ = {isa = PBXBuildFile; fileRef = BB14AE221C07927400FAF335 /* MyUtils.swift */; };
		BB2A250F1BFD324B0044C058 /* AppDelegate.swift in Sources */ = {isa = PBXBuildFile; fileRef = BB2A250E1BFD324B0044C058 /* AppDelegate.swift */; };
		BB2A25131BFD324B0044C058 /* GameScene.swift in Sources */ = {isa = PBXBuildFile; fileRef = BB2A25121BFD324B0044C058 /* GameScene.swift */; };
		BB2A25151BFD324B0044C058 /* GameViewController.swift in Sources */ = {isa = PBXBuildFile; fileRef = BB2A25141BFD324B0044C058 /* GameViewController.swift */; };
		BB2A251A1BFD324B0044C058 /* Game.xcassets in Resources */ = {isa = PBXBuildFile; fileRef = BB2A25191BFD324B0044C058 /* Game.xcassets */; };
		BB7EBC2F1C1A4AEE0039161F /* GameOverScene.swift in Sources */ = {isa = PBXBuildFile; fileRef = BB7EBC2E1C1A4AEE0039161F /* GameOverScene.swift */; };
		BBA3D4E51C10C50300DCBDB4 /* backgroundMusic.mp3 in Resources */ = {isa = PBXBuildFile; fileRef = BBA3D4E01C10C50300DCBDB4 /* backgroundMusic.mp3 */; };
		BBA3D4E61C10C50300DCBDB4 /* hitCat.wav in Resources */ = {isa = PBXBuildFile; fileRef = BBA3D4E11C10C50300DCBDB4 /* hitCat.wav */; };
		BBA3D4E71C10C50300DCBDB4 /* hitCatLady.wav in Resources */ = {isa = PBXBuildFile; fileRef = BBA3D4E21C10C50300DCBDB4 /* hitCatLady.wav */; };
		BBA3D4E81C10C50300DCBDB4 /* lose.wav in Resources */ = {isa = PBXBuildFile; fileRef = BBA3D4E31C10C50300DCBDB4 /* lose.wav */; };
		BBA3D4E91C10C50300DCBDB4 /* win.wav in Resources */ = {isa = PBXBuildFile; fileRef = BBA3D4E41C10C50300DCBDB4 /* win.wav */; };
		BBA5C6A61C223D9F00EBD69D /* AppDelegate.swift in Sources */ = {isa = PBXBuildFile; fileRef = BBA5C6A51C223D9F00EBD69D /* AppDelegate.swift */; };
		BBA5C6AC1C223D9F00EBD69D /* GameViewController.swift in Sources */ = {isa = PBXBuildFile; fileRef = BBA5C6AB1C223D9F00EBD69D /* GameViewController.swift */; };
		BBA5C6B11C223D9F00EBD69D /* Main.storyboard in Resources */ = {isa = PBXBuildFile; fileRef = BBA5C6AF1C223D9F00EBD69D /* Main.storyboard */; };
		BBA5C6B31C223D9F00EBD69D /* Assets.xcassets in Resources */ = {isa = PBXBuildFile; fileRef = BBA5C6B21C223D9F00EBD69D /* Assets.xcassets */; };
		BBA5C6B91C223F2000EBD69D /* backgroundMusic.mp3 in Resources */ = {isa = PBXBuildFile; fileRef = BBA3D4E01C10C50300DCBDB4 /* backgroundMusic.mp3 */; };
		BBA5C6BA1C223F2000EBD69D /* hitCat.wav in Resources */ = {isa = PBXBuildFile; fileRef = BBA3D4E11C10C50300DCBDB4 /* hitCat.wav */; };
		BBA5C6BB1C223F2000EBD69D /* hitCatLady.wav in Resources */ = {isa = PBXBuildFile; fileRef = BBA3D4E21C10C50300DCBDB4 /* hitCatLady.wav */; };
		BBA5C6BC1C223F2000EBD69D /* lose.wav in Resources */ = {isa = PBXBuildFile; fileRef = BBA3D4E31C10C50300DCBDB4 /* lose.wav */; };
		BBA5C6BD1C223F2000EBD69D /* win.wav in Resources */ = {isa = PBXBuildFile; fileRef = BBA3D4E41C10C50300DCBDB4 /* win.wav */; };
		BBA5C6BE1C223F2000EBD69D /* MyUtils.swift in Sources */ = {isa = PBXBuildFile; fileRef = BB14AE221C07927400FAF335 /* MyUtils.swift */; };
		BBA5C6BF1C223F2000EBD69D /* AppDelegate.swift in Sources */ = {isa = PBXBuildFile; fileRef = BB2A250E1BFD324B0044C058 /* AppDelegate.swift */; };
		BBA5C6C01C223F2000EBD69D /* MainMenuScene.swift in Sources */ = {isa = PBXBuildFile; fileRef = BB0D61631C1AE5EF00013A15 /* MainMenuScene.swift */; };
		BBA5C6C11C223F2000EBD69D /* GameScene.swift in Sources */ = {isa = PBXBuildFile; fileRef = BB2A25121BFD324B0044C058 /* GameScene.swift */; };
		BBA5C6C21C223F2000EBD69D /* GameOverScene.swift in Sources */ = {isa = PBXBuildFile; fileRef = BB7EBC2E1C1A4AEE0039161F /* GameOverScene.swift */; };
		BBA5C6C31C223F2000EBD69D /* GameViewController.swift in Sources */ = {isa = PBXBuildFile; fileRef = BB2A25141BFD324B0044C058 /* GameViewController.swift */; };
		BBA5C6C41C223F2000EBD69D /* Game.xcassets in Resources */ = {isa = PBXBuildFile; fileRef = BB2A25191BFD324B0044C058 /* Game.xcassets */; };
		BBA5C6C51C223F2000EBD69D /* Info.plist in Resources */ = {isa = PBXBuildFile; fileRef = BB2A251E1BFD324B0044C058 /* Info.plist */; };
		BBB1F1911E54FD2600BA0231 /* Main.storyboard in Resources */ = {isa = PBXBuildFile; fileRef = BBB1F1901E54FD2600BA0231 /* Main.storyboard */; };
/* End PBXBuildFile section */

/* Begin PBXFileReference section */
		BB0D61631C1AE5EF00013A15 /* MainMenuScene.swift */ = {isa = PBXFileReference; fileEncoding = 4; lastKnownFileType = sourcecode.swift; name = MainMenuScene.swift; path = ZombieConga/MainMenuScene.swift; sourceTree = "<group>"; };
		BB14AE221C07927400FAF335 /* MyUtils.swift */ = {isa = PBXFileReference; fileEncoding = 4; lastKnownFileType = sourcecode.swift; path = MyUtils.swift; sourceTree = "<group>"; };
		BB2A250B1BFD324B0044C058 /* ZombieConga.app */ = {isa = PBXFileReference; explicitFileType = wrapper.application; includeInIndex = 0; path = ZombieConga.app; sourceTree = BUILT_PRODUCTS_DIR; };
		BB2A250E1BFD324B0044C058 /* AppDelegate.swift */ = {isa = PBXFileReference; lastKnownFileType = sourcecode.swift; name = AppDelegate.swift; path = ZombieConga/AppDelegate.swift; sourceTree = "<group>"; };
		BB2A25121BFD324B0044C058 /* GameScene.swift */ = {isa = PBXFileReference; lastKnownFileType = sourcecode.swift; name = GameScene.swift; path = ZombieConga/GameScene.swift; sourceTree = "<group>"; };
		BB2A25141BFD324B0044C058 /* GameViewController.swift */ = {isa = PBXFileReference; lastKnownFileType = sourcecode.swift; name = GameViewController.swift; path = ZombieConga/GameViewController.swift; sourceTree = "<group>"; };
		BB2A25191BFD324B0044C058 /* Game.xcassets */ = {isa = PBXFileReference; lastKnownFileType = folder.assetcatalog; name = Game.xcassets; path = ZombieConga/Game.xcassets; sourceTree = "<group>"; };
		BB2A251E1BFD324B0044C058 /* Info.plist */ = {isa = PBXFileReference; lastKnownFileType = text.plist.xml; name = Info.plist; path = ZombieConga/Info.plist; sourceTree = "<group>"; };
		BB7EBC2E1C1A4AEE0039161F /* GameOverScene.swift */ = {isa = PBXFileReference; fileEncoding = 4; lastKnownFileType = sourcecode.swift; name = GameOverScene.swift; path = ZombieConga/GameOverScene.swift; sourceTree = "<group>"; };
		BBA3D4E01C10C50300DCBDB4 /* backgroundMusic.mp3 */ = {isa = PBXFileReference; lastKnownFileType = audio.mp3; path = backgroundMusic.mp3; sourceTree = "<group>"; };
		BBA3D4E11C10C50300DCBDB4 /* hitCat.wav */ = {isa = PBXFileReference; lastKnownFileType = audio.wav; path = hitCat.wav; sourceTree = "<group>"; };
		BBA3D4E21C10C50300DCBDB4 /* hitCatLady.wav */ = {isa = PBXFileReference; lastKnownFileType = audio.wav; path = hitCatLady.wav; sourceTree = "<group>"; };
		BBA3D4E31C10C50300DCBDB4 /* lose.wav */ = {isa = PBXFileReference; lastKnownFileType = audio.wav; path = lose.wav; sourceTree = "<group>"; };
		BBA3D4E41C10C50300DCBDB4 /* win.wav */ = {isa = PBXFileReference; lastKnownFileType = audio.wav; path = win.wav; sourceTree = "<group>"; };
		BBA5C6A31C223D9F00EBD69D /* ZombieCongaTV.app */ = {isa = PBXFileReference; explicitFileType = wrapper.application; includeInIndex = 0; path = ZombieCongaTV.app; sourceTree = BUILT_PRODUCTS_DIR; };
		BBA5C6A51C223D9F00EBD69D /* AppDelegate.swift */ = {isa = PBXFileReference; lastKnownFileType = sourcecode.swift; path = AppDelegate.swift; sourceTree = "<group>"; };
		BBA5C6AB1C223D9F00EBD69D /* GameViewController.swift */ = {isa = PBXFileReference; lastKnownFileType = sourcecode.swift; path = GameViewController.swift; sourceTree = "<group>"; };
		BBA5C6B01C223D9F00EBD69D /* Base */ = {isa = PBXFileReference; lastKnownFileType = file.storyboard; name = Base; path = Base.lproj/Main.storyboard; sourceTree = "<group>"; };
		BBA5C6B21C223D9F00EBD69D /* Assets.xcassets */ = {isa = PBXFileReference; lastKnownFileType = folder.assetcatalog; path = Assets.xcassets; sourceTree = "<group>"; };
		BBA5C6B41C223D9F00EBD69D /* Info.plist */ = {isa = PBXFileReference; lastKnownFileType = text.plist.xml; path = Info.plist; sourceTree = "<group>"; };
		BBB1F1901E54FD2600BA0231 /* Main.storyboard */ = {isa = PBXFileReference; fileEncoding = 4; lastKnownFileType = file.storyboard; path = Main.storyboard; sourceTree = "<group>"; };
/* End PBXFileReference section */

/* Begin PBXFrameworksBuildPhase section */
		BB2A25081BFD324B0044C058 /* Frameworks */ = {
			isa = PBXFrameworksBuildPhase;
			buildActionMask = 2147483647;
			files = (
			);
			runOnlyForDeploymentPostprocessing = 0;
		};
		BBA5C6A01C223D9F00EBD69D /* Frameworks */ = {
			isa = PBXFrameworksBuildPhase;
			buildActionMask = 2147483647;
			files = (
			);
			runOnlyForDeploymentPostprocessing = 0;
		};
/* End PBXFrameworksBuildPhase section */

/* Begin PBXGroup section */
		BB14AE211C07925F00FAF335 /* MyUtils */ = {
			isa = PBXGroup;
			children = (
				BB14AE221C07927400FAF335 /* MyUtils.swift */,
			);
			name = MyUtils;
			path = ZombieConga/MyUtils;
			sourceTree = "<group>";
		};
		BB2A25021BFD324B0044C058 = {
			isa = PBXGroup;
			children = (
				BB2A250D1BFD324B0044C058 /* ZombieConga */,
				BBA5C6A41C223D9F00EBD69D /* ZombieCongaTV */,
				BB2A250C1BFD324B0044C058 /* Products */,
			);
			sourceTree = "<group>";
		};
		BB2A250C1BFD324B0044C058 /* Products */ = {
			isa = PBXGroup;
			children = (
				BB2A250B1BFD324B0044C058 /* ZombieConga.app */,
				BBA5C6A31C223D9F00EBD69D /* ZombieCongaTV.app */,
			);
			name = Products;
			sourceTree = "<group>";
		};
		BB2A250D1BFD324B0044C058 /* ZombieConga */ = {
			isa = PBXGroup;
			children = (
				BBA5C6B81C223E0100EBD69D /* Shared */,
			);
			path = ZombieConga;
			sourceTree = "<group>";
		};
		BBA3D4DF1C10C50300DCBDB4 /* Sounds */ = {
			isa = PBXGroup;
			children = (
				BBA3D4E01C10C50300DCBDB4 /* backgroundMusic.mp3 */,
				BBA3D4E11C10C50300DCBDB4 /* hitCat.wav */,
				BBA3D4E21C10C50300DCBDB4 /* hitCatLady.wav */,
				BBA3D4E31C10C50300DCBDB4 /* lose.wav */,
				BBA3D4E41C10C50300DCBDB4 /* win.wav */,
			);
			name = Sounds;
			path = ZombieConga/Sounds;
			sourceTree = "<group>";
		};
		BBA5C6A41C223D9F00EBD69D /* ZombieCongaTV */ = {
			isa = PBXGroup;
			children = (
				BBA5C6A51C223D9F00EBD69D /* AppDelegate.swift */,
				BBA5C6AB1C223D9F00EBD69D /* GameViewController.swift */,
				BBA5C6AF1C223D9F00EBD69D /* Main.storyboard */,
				BBA5C6B21C223D9F00EBD69D /* Assets.xcassets */,
				BBA5C6B41C223D9F00EBD69D /* Info.plist */,
			);
			path = ZombieCongaTV;
			sourceTree = "<group>";
		};
		BBA5C6B81C223E0100EBD69D /* Shared */ = {
			isa = PBXGroup;
			children = (
				BBA3D4DF1C10C50300DCBDB4 /* Sounds */,
				BB14AE211C07925F00FAF335 /* MyUtils */,
				BB2A250E1BFD324B0044C058 /* AppDelegate.swift */,
				BB0D61631C1AE5EF00013A15 /* MainMenuScene.swift */,
				BB2A25121BFD324B0044C058 /* GameScene.swift */,
				BB7EBC2E1C1A4AEE0039161F /* GameOverScene.swift */,
				BB2A25141BFD324B0044C058 /* GameViewController.swift */,
				BBB1F1901E54FD2600BA0231 /* Main.storyboard */,
				BB2A25191BFD324B0044C058 /* Game.xcassets */,
				BB2A251E1BFD324B0044C058 /* Info.plist */,
			);
			name = Shared;
			path = ..;
			sourceTree = "<group>";
		};
/* End PBXGroup section */

/* Begin PBXNativeTarget section */
		BB2A250A1BFD324B0044C058 /* ZombieConga */ = {
			isa = PBXNativeTarget;
			buildConfigurationList = BB2A25211BFD324B0044C058 /* Build configuration list for PBXNativeTarget "ZombieConga" */;
			buildPhases = (
				BB2A25071BFD324B0044C058 /* Sources */,
				BB2A25081BFD324B0044C058 /* Frameworks */,
				BB2A25091BFD324B0044C058 /* Resources */,
			);
			buildRules = (
			);
			dependencies = (
			);
			name = ZombieConga;
			productName = ZombieConga;
			productReference = BB2A250B1BFD324B0044C058 /* ZombieConga.app */;
			productType = "com.apple.product-type.application";
		};
		BBA5C6A21C223D9F00EBD69D /* ZombieCongaTV */ = {
			isa = PBXNativeTarget;
			buildConfigurationList = BBA5C6B71C223D9F00EBD69D /* Build configuration list for PBXNativeTarget "ZombieCongaTV" */;
			buildPhases = (
				BBA5C69F1C223D9F00EBD69D /* Sources */,
				BBA5C6A01C223D9F00EBD69D /* Frameworks */,
				BBA5C6A11C223D9F00EBD69D /* Resources */,
			);
			buildRules = (
			);
			dependencies = (
			);
			name = ZombieCongaTV;
			productName = ZombieCongaTV;
			productReference = BBA5C6A31C223D9F00EBD69D /* ZombieCongaTV.app */;
			productType = "com.apple.product-type.application";
		};
/* End PBXNativeTarget section */

/* Begin PBXProject section */
		BB2A25031BFD324B0044C058 /* Project object */ = {
			isa = PBXProject;
			attributes = {
				LastSwiftUpdateCheck = 0720;
				LastUpgradeCheck = 0710;
				ORGANIZATIONNAME = "Daniel Dura Monge";
				TargetAttributes = {
					BB2A250A1BFD324B0044C058 = {
						CreatedOnToolsVersion = 7.1.1;
						DevelopmentTeam = BV32R4D4MU;
						LastSwiftMigration = 0820;
					};
					BBA5C6A21C223D9F00EBD69D = {
						CreatedOnToolsVersion = 7.2;
						DevelopmentTeam = BV32R4D4MU;
					};
				};
			};
			buildConfigurationList = BB2A25061BFD324B0044C058 /* Build configuration list for PBXProject "ZombieConga" */;
			compatibilityVersion = "Xcode 3.2";
			developmentRegion = English;
			hasScannedForEncodings = 0;
			knownRegions = (
				en,
				Base,
			);
			mainGroup = BB2A25021BFD324B0044C058;
			productRefGroup = BB2A250C1BFD324B0044C058 /* Products */;
			projectDirPath = "";
			projectRoot = "";
			targets = (
				BB2A250A1BFD324B0044C058 /* ZombieConga */,
				BBA5C6A21C223D9F00EBD69D /* ZombieCongaTV */,
			);
		};
/* End PBXProject section */

/* Begin PBXResourcesBuildPhase section */
		BB2A25091BFD324B0044C058 /* Resources */ = {
			isa = PBXResourcesBuildPhase;
			buildActionMask = 2147483647;
			files = (
				BBB1F1911E54FD2600BA0231 /* Main.storyboard in Resources */,
				BBA3D4E91C10C50300DCBDB4 /* win.wav in Resources */,
				BBA3D4E61C10C50300DCBDB4 /* hitCat.wav in Resources */,
				BB2A251A1BFD324B0044C058 /* Game.xcassets in Resources */,
				BBA3D4E81C10C50300DCBDB4 /* lose.wav in Resources */,
				BBA3D4E71C10C50300DCBDB4 /* hitCatLady.wav in Resources */,
				BBA3D4E51C10C50300DCBDB4 /* backgroundMusic.mp3 in Resources */,
			);
			runOnlyForDeploymentPostprocessing = 0;
		};
		BBA5C6A11C223D9F00EBD69D /* Resources */ = {
			isa = PBXResourcesBuildPhase;
			buildActionMask = 2147483647;
			files = (
				BBA5C6B11C223D9F00EBD69D /* Main.storyboard in Resources */,
				BBA5C6B31C223D9F00EBD69D /* Assets.xcassets in Resources */,
				BBA5C6C41C223F2000EBD69D /* Game.xcassets in Resources */,
				BBA5C6BA1C223F2000EBD69D /* hitCat.wav in Resources */,
				BBA5C6B91C223F2000EBD69D /* backgroundMusic.mp3 in Resources */,
				BBA5C6BB1C223F2000EBD69D /* hitCatLady.wav in Resources */,
				BBA5C6BD1C223F2000EBD69D /* win.wav in Resources */,
				BBA5C6C51C223F2000EBD69D /* Info.plist in Resources */,
				BBA5C6BC1C223F2000EBD69D /* lose.wav in Resources */,
			);
			runOnlyForDeploymentPostprocessing = 0;
		};
/* End PBXResourcesBuildPhase section */

/* Begin PBXSourcesBuildPhase section */
		BB2A25071BFD324B0044C058 /* Sources */ = {
			isa = PBXSourcesBuildPhase;
			buildActionMask = 2147483647;
			files = (
				BB0D61641C1AE5EF00013A15 /* MainMenuScene.swift in Sources */,
				BB7EBC2F1C1A4AEE0039161F /* GameOverScene.swift in Sources */,
				BB2A25131BFD324B0044C058 /* GameScene.swift in Sources */,
				BB2A25151BFD324B0044C058 /* GameViewController.swift in Sources */,
				BB2A250F1BFD324B0044C058 /* AppDelegate.swift in Sources */,
				BB14AE231C07927400FAF335 /* MyUtils.swift in Sources */,
			);
			runOnlyForDeploymentPostprocessing = 0;
		};
		BBA5C69F1C223D9F00EBD69D /* Sources */ = {
			isa = PBXSourcesBuildPhase;
			buildActionMask = 2147483647;
			files = (
				BBA5C6C01C223F2000EBD69D /* MainMenuScene.swift in Sources */,
				BBA5C6C21C223F2000EBD69D /* GameOverScene.swift in Sources */,
				BBA5C6AC1C223D9F00EBD69D /* GameViewController.swift in Sources */,
				BBA5C6C31C223F2000EBD69D /* GameViewController.swift in Sources */,
				BBA5C6A61C223D9F00EBD69D /* AppDelegate.swift in Sources */,
				BBA5C6BF1C223F2000EBD69D /* AppDelegate.swift in Sources */,
				BBA5C6C11C223F2000EBD69D /* GameScene.swift in Sources */,
				BBA5C6BE1C223F2000EBD69D /* MyUtils.swift in Sources */,
			);
			runOnlyForDeploymentPostprocessing = 0;
		};
/* End PBXSourcesBuildPhase section */

/* Begin PBXVariantGroup section */
		BBA5C6AF1C223D9F00EBD69D /* Main.storyboard */ = {
			isa = PBXVariantGroup;
			children = (
				BBA5C6B01C223D9F00EBD69D /* Base */,
			);
			name = Main.storyboard;
			sourceTree = "<group>";
		};
/* End PBXVariantGroup section */

/* Begin XCBuildConfiguration section */
		BB2A251F1BFD324B0044C058 /* Debug */ = {
			isa = XCBuildConfiguration;
			buildSettings = {
				ALWAYS_SEARCH_USER_PATHS = NO;
				CLANG_CXX_LANGUAGE_STANDARD = "gnu++0x";
				CLANG_CXX_LIBRARY = "libc++";
				CLANG_ENABLE_MODULES = YES;
				CLANG_ENABLE_OBJC_ARC = YES;
				CLANG_WARN_BOOL_CONVERSION = YES;
				CLANG_WARN_CONSTANT_CONVERSION = YES;
				CLANG_WARN_DIRECT_OBJC_ISA_USAGE = YES_ERROR;
				CLANG_WARN_EMPTY_BODY = YES;
				CLANG_WARN_ENUM_CONVERSION = YES;
				CLANG_WARN_INT_CONVERSION = YES;
				CLANG_WARN_OBJC_ROOT_CLASS = YES_ERROR;
				CLANG_WARN_UNREACHABLE_CODE = YES;
				CLANG_WARN__DUPLICATE_METHOD_MATCH = YES;
				"CODE_SIGN_IDENTITY[sdk=iphoneos*]" = "iPhone Developer";
				COPY_PHASE_STRIP = NO;
				DEBUG_INFORMATION_FORMAT = "dwarf-with-dsym";
				ENABLE_STRICT_OBJC_MSGSEND = YES;
				ENABLE_TESTABILITY = YES;
				GCC_C_LANGUAGE_STANDARD = gnu99;
				GCC_DYNAMIC_NO_PIC = NO;
				GCC_NO_COMMON_BLOCKS = YES;
				GCC_OPTIMIZATION_LEVEL = 0;
				GCC_PREPROCESSOR_DEFINITIONS = (
					"DEBUG=1",
					"$(inherited)",
				);
				GCC_WARN_64_TO_32_BIT_CONVERSION = YES;
				GCC_WARN_ABOUT_RETURN_TYPE = YES_ERROR;
				GCC_WARN_UNDECLARED_SELECTOR = YES;
				GCC_WARN_UNINITIALIZED_AUTOS = YES_AGGRESSIVE;
				GCC_WARN_UNUSED_FUNCTION = YES;
				GCC_WARN_UNUSED_VARIABLE = YES;
				IPHONEOS_DEPLOYMENT_TARGET = 9.1;
				MTL_ENABLE_DEBUG_INFO = YES;
				ONLY_ACTIVE_ARCH = YES;
				SDKROOT = iphoneos;
				SWIFT_OPTIMIZATION_LEVEL = "-Onone";
				TARGETED_DEVICE_FAMILY = "1,2";
			};
			name = Debug;
		};
		BB2A25201BFD324B0044C058 /* Release */ = {
			isa = XCBuildConfiguration;
			buildSettings = {
				ALWAYS_SEARCH_USER_PATHS = NO;
				CLANG_CXX_LANGUAGE_STANDARD = "gnu++0x";
				CLANG_CXX_LIBRARY = "libc++";
				CLANG_ENABLE_MODULES = YES;
				CLANG_ENABLE_OBJC_ARC = YES;
				CLANG_WARN_BOOL_CONVERSION = YES;
				CLANG_WARN_CONSTANT_CONVERSION = YES;
				CLANG_WARN_DIRECT_OBJC_ISA_USAGE = YES_ERROR;
				CLANG_WARN_EMPTY_BODY = YES;
				CLANG_WARN_ENUM_CONVERSION = YES;
				CLANG_WARN_INT_CONVERSION = YES;
				CLANG_WARN_OBJC_ROOT_CLASS = YES_ERROR;
				CLANG_WARN_UNREACHABLE_CODE = YES;
				CLANG_WARN__DUPLICATE_METHOD_MATCH = YES;
				"CODE_SIGN_IDENTITY[sdk=iphoneos*]" = "iPhone Developer";
				COPY_PHASE_STRIP = NO;
				DEBUG_INFORMATION_FORMAT = "dwarf-with-dsym";
				ENABLE_NS_ASSERTIONS = NO;
				ENABLE_STRICT_OBJC_MSGSEND = YES;
				GCC_C_LANGUAGE_STANDARD = gnu99;
				GCC_NO_COMMON_BLOCKS = YES;
				GCC_WARN_64_TO_32_BIT_CONVERSION = YES;
				GCC_WARN_ABOUT_RETURN_TYPE = YES_ERROR;
				GCC_WARN_UNDECLARED_SELECTOR = YES;
				GCC_WARN_UNINITIALIZED_AUTOS = YES_AGGRESSIVE;
				GCC_WARN_UNUSED_FUNCTION = YES;
				GCC_WARN_UNUSED_VARIABLE = YES;
				IPHONEOS_DEPLOYMENT_TARGET = 9.1;
				MTL_ENABLE_DEBUG_INFO = NO;
				SDKROOT = iphoneos;
				TARGETED_DEVICE_FAMILY = "1,2";
				VALIDATE_PRODUCT = YES;
			};
			name = Release;
		};
		BB2A25221BFD324B0044C058 /* Debug */ = {
			isa = XCBuildConfiguration;
			buildSettings = {
				ASSETCATALOG_COMPILER_APPICON_NAME = AppIcon;
				INFOPLIST_FILE = ZombieConga/Info.plist;
				LD_RUNPATH_SEARCH_PATHS = "$(inherited) @executable_path/Frameworks";
				PRODUCT_BUNDLE_IDENTIFIER = esgal.ZombieConga;
				PRODUCT_NAME = "$(TARGET_NAME)";
				SWIFT_VERSION = 3.0;
			};
			name = Debug;
		};
		BB2A25231BFD324B0044C058 /* Release */ = {
			isa = XCBuildConfiguration;
			buildSettings = {
				ASSETCATALOG_COMPILER_APPICON_NAME = AppIcon;
				INFOPLIST_FILE = ZombieConga/Info.plist;
				LD_RUNPATH_SEARCH_PATHS = "$(inherited) @executable_path/Frameworks";
				PRODUCT_BUNDLE_IDENTIFIER = esgal.ZombieConga;
				PRODUCT_NAME = "$(TARGET_NAME)";
				SWIFT_VERSION = 3.0;
			};
			name = Release;
		};
		BBA5C6B51C223D9F00EBD69D /* Debug */ = {
			isa = XCBuildConfiguration;
			buildSettings = {
				ASSETCATALOG_COMPILER_APPICON_NAME = "App Icon & Top Shelf Image";
				ASSETCATALOG_COMPILER_LAUNCHIMAGE_NAME = LaunchImage;
				INFOPLIST_FILE = ZombieCongaTV/Info.plist;
				LD_RUNPATH_SEARCH_PATHS = "$(inherited) @executable_path/Frameworks";
				PRODUCT_BUNDLE_IDENTIFIER = esgal.ZombieCongaTV;
				PRODUCT_NAME = "$(TARGET_NAME)";
				SDKROOT = appletvos;
				TARGETED_DEVICE_FAMILY = 3;
				TVOS_DEPLOYMENT_TARGET = 9.1;
			};
			name = Debug;
		};
		BBA5C6B61C223D9F00EBD69D /* Release */ = {
			isa = XCBuildConfiguration;
			buildSettings = {
				ASSETCATALOG_COMPILER_APPICON_NAME = "App Icon & Top Shelf Image";
				ASSETCATALOG_COMPILER_LAUNCHIMAGE_NAME = LaunchImage;
				INFOPLIST_FILE = ZombieCongaTV/Info.plist;
				LD_RUNPATH_SEARCH_PATHS = "$(inherited) @executable_path/Frameworks";
				PRODUCT_BUNDLE_IDENTIFIER = esgal.ZombieCongaTV;
				PRODUCT_NAME = "$(TARGET_NAME)";
				SDKROOT = appletvos;
				TARGETED_DEVICE_FAMILY = 3;
				TVOS_DEPLOYMENT_TARGET = 9.1;
			};
			name = Release;
		};
/* End XCBuildConfiguration section */

/* Begin XCConfigurationList section */
		BB2A25061BFD324B0044C058 /* Build configuration list for PBXProject "ZombieConga" */ = {
			isa = XCConfigurationList;
			buildConfigurations = (
				BB2A251F1BFD324B0044C058 /* Debug */,
				BB2A25201BFD324B0044C058 /* Release */,
			);
			defaultConfigurationIsVisible = 0;
			defaultConfigurationName = Release;
		};
		BB2A25211BFD324B0044C058 /* Build configuration list for PBXNativeTarget "ZombieConga" */ = {
			isa = XCConfigurationList;
			buildConfigurations = (
				BB2A25221BFD324B0044C058 /* Debug */,
				BB2A25231BFD324B0044C058 /* Release */,
			);
			defaultConfigurationIsVisible = 0;
			defaultConfigurationName = Release;
		};
		BBA5C6B71C223D9F00EBD69D /* Build configuration list for PBXNativeTarget "ZombieCongaTV" */ = {
			isa = XCConfigurationList;
			buildConfigurations = (
				BBA5C6B51C223D9F00EBD69D /* Debug */,
				BBA5C6B61C223D9F00EBD69D /* Release */,
			);
			defaultConfigurationIsVisible = 0;
			defaultConfigurationName = Release;
		};
/* End XCConfigurationList section */
	};
	rootObject = BB2A25031BFD324B0044C058 /* Project object */;
}
